// !$*UTF8*$!
{
	archiveVersion = 1;
	classes = {
	};
	objectVersion = 46;
	objects = {

/* Begin PBXBuildFile section */
		BAE3CB2C1E73795C00990914 /* main.m in Sources */ = {isa = PBXBuildFile; fileRef = BAE3CB2B1E73795C00990914 /* main.m */; };
		BAE3CB2F1E73795C00990914 /* AppDelegate.m in Sources */ = {isa = PBXBuildFile; fileRef = BAE3CB2E1E73795C00990914 /* AppDelegate.m */; };
		BAE3CB371E73795C00990914 /* Assets.xcassets in Resources */ = {isa = PBXBuildFile; fileRef = BAE3CB361E73795C00990914 /* Assets.xcassets */; };
		BAE3CB3A1E73795C00990914 /* LaunchScreen.storyboard in Resources */ = {isa = PBXBuildFile; fileRef = BAE3CB381E73795C00990914 /* LaunchScreen.storyboard */; };
/* End PBXBuildFile section */

/* Begin PBXFileReference section */
		BAE3CB271E73795C00990914 /* PureCodeApp.app */ = {isa = PBXFileReference; explicitFileType = wrapper.application; includeInIndex = 0; path = PureCodeApp.app; sourceTree = BUILT_PRODUCTS_DIR; };
		BAE3CB2B1E73795C00990914 /* main.m */ = {isa = PBXFileReference; lastKnownFileType = sourcecode.c.objc; path = main.m; sourceTree = "<group>"; };
		BAE3CB2D1E73795C00990914 /* AppDelegate.h */ = {isa = PBXFileReference; lastKnownFileType = sourcecode.c.h; path = AppDelegate.h; sourceTree = "<group>"; };
		BAE3CB2E1E73795C00990914 /* AppDelegate.m */ = {isa = PBXFileReference; lastKnownFileType = sourcecode.c.objc; path = AppDelegate.m; sourceTree = "<group>"; };
		BAE3CB361E73795C00990914 /* Assets.xcassets */ = {isa = PBXFileReference; lastKnownFileType = folder.assetcatalog; path = Assets.xcassets; sourceTree = "<group>"; };
		BAE3CB391E73795C00990914 /* Base */ = {isa = PBXFileReference; lastKnownFileType = file.storyboard; name = Base; path = Base.lproj/LaunchScreen.storyboard; sourceTree = "<group>"; };
		BAE3CB3B1E73795C00990914 /* Info.plist */ = {isa = PBXFileReference; lastKnownFileType = text.plist.xml; path = Info.plist; sourceTree = "<group>"; };
/* End PBXFileReference section */

/* Begin PBXFrameworksBuildPhase section */
		BAE3CB241E73795C00990914 /* Frameworks */ = {
			isa = PBXFrameworksBuildPhase;
			buildActionMask = 2147483647;
			files = (
			);
			runOnlyForDeploymentPostprocessing = 0;
		};
/* End PBXFrameworksBuildPhase section */

/* Begin PBXGroup section */
		BAE3CB1E1E73795C00990914 = {
			isa = PBXGroup;
			children = (
				BAE3CB291E73795C00990914 /* PureCodeApp */,
				BAE3CB281E73795C00990914 /* Products */,
			);
			sourceTree = "<group>";
		};
		BAE3CB281E73795C00990914 /* Products */ = {
			isa = PBXGroup;
			children = (
				BAE3CB271E73795C00990914 /* PureCodeApp.app */,
			);
			name = Products;
			sourceTree = "<group>";
		};
		BAE3CB291E73795C00990914 /* PureCodeApp */ = {
			isa = PBXGroup;
			children = (
				BAE3CB2D1E73795C00990914 /* AppDelegate.h */,
				BAE3CB2E1E73795C00990914 /* AppDelegate.m */,
				BAE3CB361E73795C00990914 /* Assets.xcassets */,
				BAE3CB381E73795C00990914 /* LaunchScreen.storyboard */,
				BAE3CB3B1E73795C00990914 /* Info.plist */,
				BAE3CB2A1E73795C00990914 /* Supporting Files */,
			);
			path = PureCodeApp;
			sourceTree = "<group>";
		};
		BAE3CB2A1E73795C00990914 /* Supporting Files */ = {
			isa = PBXGroup;
			children = (
				BAE3CB2B1E73795C00990914 /* main.m */,
			);
			name = "Supporting Files";
			sourceTree = "<group>";
		};
/* End PBXGroup section */

/* Begin PBXNativeTarget section */
		BAE3CB261E73795C00990914 /* PureCodeApp */ = {
			isa = PBXNativeTarget;
			buildConfigurationList = BAE3CB3E1E73795C00990914 /* Build configuration list for PBXNativeTarget "PureCodeApp" */;
			buildPhases = (
				BAE3CB231E73795C00990914 /* Sources */,
				BAE3CB241E73795C00990914 /* Frameworks */,
				BAE3CB251E73795C00990914 /* Resources */,
			);
			buildRules = (
			);
			dependencies = (
			);
			name = PureCodeApp;
			productName = PureCodeApp;
			productReference = BAE3CB271E73795C00990914 /* PureCodeApp.app */;
			productType = "com.apple.product-type.application";
		};
/* End PBXNativeTarget section */

/* Begin PBXProject section */
		BAE3CB1F1E73795C00990914 /* Project object */ = {
			isa = PBXProject;
			attributes = {
				LastUpgradeCheck = 0820;
				ORGANIZATIONNAME = Mahendar;
				TargetAttributes = {
					BAE3CB261E73795C00990914 = {
						CreatedOnToolsVersion = 8.2.1;
						DevelopmentTeam = UPKSQVZ6XA;
						ProvisioningStyle = Automatic;
					};
				};
			};
			buildConfigurationList = BAE3CB221E73795C00990914 /* Build configuration list for PBXProject "PureCodeApp" */;
			compatibilityVersion = "Xcode 3.2";
			developmentRegion = English;
			hasScannedForEncodings = 0;
			knownRegions = (
				en,
				Base,
			);
			mainGroup = BAE3CB1E1E73795C00990914;
			productRefGroup = BAE3CB281E73795C00990914 /* Products */;
			projectDirPath = "";
			projectRoot = "";
			targets = (
				BAE3CB261E73795C00990914 /* PureCodeApp */,
			);
		};
/* End PBXProject section */

/* Begin PBXResourcesBuildPhase section */
		BAE3CB251E73795C00990914 /* Resources */ = {
			isa = PBXResourcesBuildPhase;
			buildActionMask = 2147483647;
			files = (
				BAE3CB3A1E73795C00990914 /* LaunchScreen.storyboard in Resources */,
				BAE3CB371E73795C00990914 /* Assets.xcassets in Resources */,
			);
			runOnlyForDeploymentPostprocessing = 0;
		};
/* End PBXResourcesBuildPhase section */

/* Begin PBXSourcesBuildPhase section */
		BAE3CB231E73795C00990914 /* Sources */ = {
			isa = PBXSourcesBuildPhase;
			buildActionMask = 2147483647;
			files = (
				BAE3CB2F1E73795C00990914 /* AppDelegate.m in Sources */,
				BAE3CB2C1E73795C00990914 /* main.m in Sources */,
			);
			runOnlyForDeploymentPostprocessing = 0;
		};
/* End PBXSourcesBuildPhase section */

/* Begin PBXVariantGroup section */
		BAE3CB381E73795C00990914 /* LaunchScreen.storyboard */ = {
			isa = PBXVariantGroup;
			children = (
				BAE3CB391E73795C00990914 /* Base */,
			);
			name = LaunchScreen.storyboard;
			sourceTree = "<group>";
		};
/* End PBXVariantGroup section */

/* Begin XCBuildConfiguration section */
		BAE3CB3C1E73795C00990914 /* Debug */ = {
			isa = XCBuildConfiguration;
			buildSettings = {
				ALWAYS_SEARCH_USER_PATHS = NO;
				CLANG_ANALYZER_NONNULL = YES;
				CLANG_CXX_LANGUAGE_STANDARD = "gnu++0x";
				CLANG_CXX_LIBRARY = "libc++";
				CLANG_ENABLE_MODULES = YES;
				CLANG_ENABLE_OBJC_ARC = YES;
				CLANG_WARN_BOOL_CONVERSION = YES;
				CLANG_WARN_CONSTANT_CONVERSION = YES;
				CLANG_WARN_DIRECT_OBJC_ISA_USAGE = YES_ERROR;
				CLANG_WARN_DOCUMENTATION_COMMENTS = YES;
				CLANG_WARN_EMPTY_BODY = YES;
				CLANG_WARN_ENUM_CONVERSION = YES;
				CLANG_WARN_INFINITE_RECURSION = YES;
				CLANG_WARN_INT_CONVERSION = YES;
				CLANG_WARN_OBJC_ROOT_CLASS = YES_ERROR;
				CLANG_WARN_SUSPICIOUS_MOVE = YES;
				CLANG_WARN_UNREACHABLE_CODE = YES;
				CLANG_WARN__DUPLICATE_METHOD_MATCH = YES;
				"CODE_SIGN_IDENTITY[sdk=iphoneos*]" = "iPhone Developer";
				COPY_PHASE_STRIP = NO;
				DEBUG_INFORMATION_FORMAT = dwarf;
				ENABLE_STRICT_OBJC_MSGSEND = YES;
				ENABLE_TESTABILITY = YES;
				GCC_C_LANGUAGE_STANDARD = gnu99;
				GCC_DYNAMIC_NO_PIC = NO;
				GCC_NO_COMMON_BLOCKS = YES;
				GCC_OPTIMIZATION_LEVEL = 0;
				GCC_PREPROCESSOR_DEFINITIONS = (
					"DEBUG=1",
					"$(inherited)",
				);
				GCC_WARN_64_TO_32_BIT_CONVERSION = YES;
				GCC_WARN_ABOUT_RETURN_TYPE = YES_ERROR;
				GCC_WARN_UNDECLARED_SELECTOR = YES;
				GCC_WARN_UNINITIALIZED_AUTOS = YES_AGGRESSIVE;
				GCC_WARN_UNUSED_FUNCTION = YES;
				GCC_WARN_UNUSED_VARIABLE = YES;
				IPHONEOS_DEPLOYMENT_TARGET = 10.2;
				MTL_ENABLE_DEBUG_INFO = YES;
				ONLY_ACTIVE_ARCH = YES;
				SDKROOT = iphoneos;
			};
			name = Debug;
		};
		BAE3CB3D1E73795C00990914 /* Release */ = {
			isa = XCBuildConfiguration;
			buildSettings = {
				ALWAYS_SEARCH_USER_PATHS = NO;
				CLANG_ANALYZER_NONNULL = YES;
				CLANG_CXX_LANGUAGE_STANDARD = "gnu++0x";
				CLANG_CXX_LIBRARY = "libc++";
				CLANG_ENABLE_MODULES = YES;
				CLANG_ENABLE_OBJC_ARC = YES;
				CLANG_WARN_BOOL_CONVERSION = YES;
				CLANG_WARN_CONSTANT_CONVERSION = YES;
				CLANG_WARN_DIRECT_OBJC_ISA_USAGE = YES_ERROR;
				CLANG_WARN_DOCUMENTATION_COMMENTS = YES;
				CLANG_WARN_EMPTY_BODY = YES;
				CLANG_WARN_ENUM_CONVERSION = YES;
				CLANG_WARN_INFINITE_RECURSION = YES;
				CLANG_WARN_INT_CONVERSION = YES;
				CLANG_WARN_OBJC_ROOT_CLASS = YES_ERROR;
				CLANG_WARN_SUSPICIOUS_MOVE = YES;
				CLANG_WARN_UNREACHABLE_CODE = YES;
				CLANG_WARN__DUPLICATE_METHOD_MATCH = YES;
				"CODE_SIGN_IDENTITY[sdk=iphoneos*]" = "iPhone Developer";
				COPY_PHASE_STRIP = NO;
				DEBUG_INFORMATION_FORMAT = "dwarf-with-dsym";
				ENABLE_NS_ASSERTIONS = NO;
				ENABLE_STRICT_OBJC_MSGSEND = YES;
				GCC_C_LANGUAGE_STANDARD = gnu99;
				GCC_NO_COMMON_BLOCKS = YES;
				GCC_WARN_64_TO_32_BIT_CONVERSION = YES;
				GCC_WARN_ABOUT_RETURN_TYPE = YES_ERROR;
				GCC_WARN_UNDECLARED_SELECTOR = YES;
				GCC_WARN_UNINITIALIZED_AUTOS = YES_AGGRESSIVE;
				GCC_WARN_UNUSED_FUNCTION = YES;
				GCC_WARN_UNUSED_VARIABLE = YES;
				IPHONEOS_DEPLOYMENT_TARGET = 10.2;
				MTL_ENABLE_DEBUG_INFO = NO;
				SDKROOT = iphoneos;
				VALIDATE_PRODUCT = YES;
			};
			name = Release;
		};
		BAE3CB3F1E73795C00990914 /* Debug */ = {
			isa = XCBuildConfiguration;
			buildSettings = {
				ASSETCATALOG_COMPILER_APPICON_NAME = AppIcon;
				DEVELOPMENT_TEAM = UPKSQVZ6XA;
				INFOPLIST_FILE = PureCodeApp/Info.plist;
				LD_RUNPATH_SEARCH_PATHS = "$(inherited) @executable_path/Frameworks";
				PRODUCT_BUNDLE_IDENTIFIER = com.mahendarreddy.PureCodeApp;
				PRODUCT_NAME = "$(TARGET_NAME)";
			};
			name = Debug;
		};
		BAE3CB401E73795C00990914 /* Release */ = {
			isa = XCBuildConfiguration;
			buildSettings = {
				ASSETCATALOG_COMPILER_APPICON_NAME = AppIcon;
				DEVELOPMENT_TEAM = UPKSQVZ6XA;
				INFOPLIST_FILE = PureCodeApp/Info.plist;
				LD_RUNPATH_SEARCH_PATHS = "$(inherited) @executable_path/Frameworks";
				PRODUCT_BUNDLE_IDENTIFIER = com.mahendarreddy.PureCodeApp;
				PRODUCT_NAME = "$(TARGET_NAME)";
			};
			name = Release;
		};
/* End XCBuildConfiguration section */

/* Begin XCConfigurationList section */
		BAE3CB221E73795C00990914 /* Build configuration list for PBXProject "PureCodeApp" */ = {
			isa = XCConfigurationList;
			buildConfigurations = (
				BAE3CB3C1E73795C00990914 /* Debug */,
				BAE3CB3D1E73795C00990914 /* Release */,
			);
			defaultConfigurationIsVisible = 0;
			defaultConfigurationName = Release;
		};
		BAE3CB3E1E73795C00990914 /* Build configuration list for PBXNativeTarget "PureCodeApp" */ = {
			isa = XCConfigurationList;
			buildConfigurations = (
				BAE3CB3F1E73795C00990914 /* Debug */,
				BAE3CB401E73795C00990914 /* Release */,
			);
			defaultConfigurationIsVisible = 0;
		};
/* End XCConfigurationList section */
	};
	rootObject = BAE3CB1F1E73795C00990914 /* Project object */;
}
